{
  "name": "sensortag-projects",
  "version": "1.0.0",
  "lockfileVersion": 1,
  "requires": true,
  "dependencies": {
    "async": {
      "version": "3.1.0",
      "resolved": "https://registry.npmjs.org/async/-/async-3.1.0.tgz",
      "integrity": "sha512-4vx/aaY6j/j3Lw3fbCHNWP0pPaTCew3F6F3hYyl/tHs/ndmV1q7NW9T5yuJ2XAGwdQrP+6Wu20x06U4APo/iQQ==",
      "dev": true
    },
    "robotjs": {
      "version": "0.4.7",
      "resolved": "https://registry.npmjs.org/robotjs/-/robotjs-0.4.7.tgz",
      "integrity": "sha1-stIDETgdfnZmVBfArGaILmn3gTI=",
      "dev": true
    },
    "sensortag": {
      "version": "1.3.0",
      "resolved": "https://registry.npmjs.org/sensortag/-/sensortag-1.3.0.tgz",
      "integrity": "sha1-XwYk5Zxc/8MLzH5+U5rm4rjLR9o=",
      "dev": true
    }
  }
}
